
Microsoft Visual Studio Solution File, Format Version 12.00
# Visual Studio Version 17
VisualStudioVersion = 17.0.32112.339
MinimumVisualStudioVersion = 10.0.40219.1
Project("{2150E333-8FDC-42A3-9474-1A3956D46DE8}") = "src", "src", "{B2AF2514-578E-4D2D-858D-C17C64731275}"
EndProject
Project("{9A19103F-16F7-4668-BE54-9A1E7A4F7556}") = "RessurectIT.Pdf.Print", "src\RessurectIT.Pdf.Print\RessurectIT.Pdf.Print.csproj", "{E261B347-ECE8-460B-AC74-D9536160C7FD}"
EndProject
Project("{9A19103F-16F7-4668-BE54-9A1E7A4F7556}") = "RessurectIT.Pdf.Print.Debug", "src\RessurectIT.Pdf.Print.Debug\RessurectIT.Pdf.Print.Debug.csproj", "{C3C64A10-6DD3-4C66-8ACA-2ACBB2367940}"
EndProject
Project("{9A19103F-16F7-4668-BE54-9A1E7A4F7556}") = "RessurectIT.Pdf.Print.NodeServer", "src\RessurectIT.Pdf.Print.NodeServer\RessurectIT.Pdf.Print.NodeServer.csproj", "{0BD2C77C-1873-4B48-AF27-3D381EB3D170}"
EndProject
Global
	GlobalSection(SolutionConfigurationPlatforms) = preSolution
		Debug|Any CPU = Debug|Any CPU
		DebugInstaller|Any CPU = DebugInstaller|Any CPU
		Release|Any CPU = Release|Any CPU
		ReleaseInstaller|Any CPU = ReleaseInstaller|Any CPU
	EndGlobalSection
	GlobalSection(ProjectConfigurationPlatforms) = postSolution
		{E261B347-ECE8-460B-AC74-D9536160C7FD}.Debug|Any CPU.ActiveCfg = Debug|Any CPU
		{E261B347-ECE8-460B-AC74-D9536160C7FD}.Debug|Any CPU.Build.0 = Debug|Any CPU
		{E261B347-ECE8-460B-AC74-D9536160C7FD}.DebugInstaller|Any CPU.ActiveCfg = DebugInstaller|Any CPU
		{E261B347-ECE8-460B-AC74-D9536160C7FD}.DebugInstaller|Any CPU.Build.0 = DebugInstaller|Any CPU
		{E261B347-ECE8-460B-AC74-D9536160C7FD}.Release|Any CPU.ActiveCfg = Release|Any CPU
		{E261B347-ECE8-460B-AC74-D9536160C7FD}.Release|Any CPU.Build.0 = Release|Any CPU
		{E261B347-ECE8-460B-AC74-D9536160C7FD}.ReleaseInstaller|Any CPU.ActiveCfg = ReleaseInstaller|Any CPU
		{E261B347-ECE8-460B-AC74-D9536160C7FD}.ReleaseInstaller|Any CPU.Build.0 = ReleaseInstaller|Any CPU
		{C3C64A10-6DD3-4C66-8ACA-2ACBB2367940}.Debug|Any CPU.ActiveCfg = Debug|Any CPU
		{C3C64A10-6DD3-4C66-8ACA-2ACBB2367940}.Debug|Any CPU.Build.0 = Debug|Any CPU
		{C3C64A10-6DD3-4C66-8ACA-2ACBB2367940}.DebugInstaller|Any CPU.ActiveCfg = DebugInstaller|Any CPU
		{C3C64A10-6DD3-4C66-8ACA-2ACBB2367940}.DebugInstaller|Any CPU.Build.0 = DebugInstaller|Any CPU
		{C3C64A10-6DD3-4C66-8ACA-2ACBB2367940}.Release|Any CPU.ActiveCfg = Release|Any CPU
		{C3C64A10-6DD3-4C66-8ACA-2ACBB2367940}.Release|Any CPU.Build.0 = Release|Any CPU
		{C3C64A10-6DD3-4C66-8ACA-2ACBB2367940}.ReleaseInstaller|Any CPU.ActiveCfg = ReleaseInstaller|Any CPU
		{C3C64A10-6DD3-4C66-8ACA-2ACBB2367940}.ReleaseInstaller|Any CPU.Build.0 = ReleaseInstaller|Any CPU
		{0BD2C77C-1873-4B48-AF27-3D381EB3D170}.Debug|Any CPU.ActiveCfg = Debug|Any CPU
		{0BD2C77C-1873-4B48-AF27-3D381EB3D170}.Debug|Any CPU.Build.0 = Debug|Any CPU
		{0BD2C77C-1873-4B48-AF27-3D381EB3D170}.DebugInstaller|Any CPU.ActiveCfg = DebugInstaller|Any CPU
		{0BD2C77C-1873-4B48-AF27-3D381EB3D170}.DebugInstaller|Any CPU.Build.0 = DebugInstaller|Any CPU
		{0BD2C77C-1873-4B48-AF27-3D381EB3D170}.Release|Any CPU.ActiveCfg = Release|Any CPU
		{0BD2C77C-1873-4B48-AF27-3D381EB3D170}.Release|Any CPU.Build.0 = Release|Any CPU
		{0BD2C77C-1873-4B48-AF27-3D381EB3D170}.ReleaseInstaller|Any CPU.ActiveCfg = ReleaseInstaller|Any CPU
		{0BD2C77C-1873-4B48-AF27-3D381EB3D170}.ReleaseInstaller|Any CPU.Build.0 = ReleaseInstaller|Any CPU
	EndGlobalSection
	GlobalSection(SolutionProperties) = preSolution
		HideSolutionNode = FALSE
	EndGlobalSection
	GlobalSection(NestedProjects) = preSolution
		{E261B347-ECE8-460B-AC74-D9536160C7FD} = {B2AF2514-578E-4D2D-858D-C17C64731275}
		{C3C64A10-6DD3-4C66-8ACA-2ACBB2367940} = {B2AF2514-578E-4D2D-858D-C17C64731275}
		{0BD2C77C-1873-4B48-AF27-3D381EB3D170} = {B2AF2514-578E-4D2D-858D-C17C64731275}
	EndGlobalSection
	GlobalSection(ExtensibilityGlobals) = postSolution
		SolutionGuid = {056E5701-D82D-4275-8600-956A603ADF86}
	EndGlobalSection
EndGlobal
